{
    "_readme": [
        "This file locks the dependencies of your project to a known state",
        "Read more about it at https://getcomposer.org/doc/01-basic-usage.md#installing-dependencies",
        "This file is @generated automatically"
    ],
    "content-hash": "7b2a79b076cd1f5388cd6a93e66026df",
    "packages": [
        {
            "name": "smalot/pdfparser",
            "version": "v2.7.0",
            "source": {
                "type": "git",
                "url": "https://github.com/smalot/pdfparser.git",
                "reference": "eef0263bbaec86d30801d3551ac83f4e1015d4c3"
            },
            "dist": {
                "type": "zip",
                "url": "https://api.github.com/repos/smalot/pdfparser/zipball/eef0263bbaec86d30801d3551ac83f4e1015d4c3",
                "reference": "eef0263bbaec86d30801d3551ac83f4e1015d4c3",
                "shasum": ""
            },
            "require": {
                "ext-iconv": "*",
                "ext-zlib": "*",
                "php": ">=7.1",
                "symfony/polyfill-mbstring": "^1.18"
            },
            "type": "library",
            "autoload": {
                "psr-0": {
                    "Smalot\\PdfParser\\": "src/"
                }
            },
            "notification-url": "https://packagist.org/downloads/",
            "license": [
                "LGPL-3.0"
            ],
            "authors": [
                {
                    "name": "Sebastien MALOT",
                    "email": "sebastien@malot.fr"
                }
            ],
            "description": "Pdf parser library. Can read and extract information from pdf file.",
            "homepage": "https://www.pdfparser.org",
            "keywords": [
                "extract",
                "parse",
                "parser",
                "pdf",
                "text"
            ],
            "support": {
                "issues": "https://github.com/smalot/pdfparser/issues",
                "source": "https://github.com/smalot/pdfparser/tree/v2.7.0"
            },
            "time": "2023-08-10T06:11:26+00:00"
        },
        {
            "name": "symfony/polyfill-mbstring",
            "version": "v1.28.0",
            "source": {
                "type": "git",
                "url": "https://github.com/symfony/polyfill-mbstring.git",
                "reference": "42292d99c55abe617799667f454222c54c60e229"
            },
            "dist": {
                "type": "zip",
                "url": "https://api.github.com/repos/symfony/polyfill-mbstring/zipball/42292d99c55abe617799667f454222c54c60e229",
                "reference": "42292d99c55abe617799667f454222c54c60e229",
                "shasum": ""
            },
            "require": {
                "php": ">=7.1"
            },
            "provide": {
                "ext-mbstring": "*"
            },
            "suggest": {
                "ext-mbstring": "For best performance"
            },
            "type": "library",
            "extra": {
                "branch-alias": {
                    "dev-main": "1.28-dev"
                },
                "thanks": {
                    "name": "symfony/polyfill",
                    "url": "https://github.com/symfony/polyfill"
                }
            },
            "autoload": {
                "files": [
                    "bootstrap.php"
                ],
                "psr-4": {
                    "Symfony\\Polyfill\\Mbstring\\": ""
                }
            },
            "notification-url": "https://packagist.org/downloads/",
            "license": [
                "MIT"
            ],
            "authors": [
                {
                    "name": "Nicolas Grekas",
                    "email": "p@tchwork.com"
                },
                {
                    "name": "Symfony Community",
                    "homepage": "https://symfony.com/contributors"
                }
            ],
            "description": "Symfony polyfill for the Mbstring extension",
            "homepage": "https://symfony.com",
            "keywords": [
                "compatibility",
                "mbstring",
                "polyfill",
                "portable",
                "shim"
            ],
            "support": {
                "source": "https://github.com/symfony/polyfill-mbstring/tree/v1.28.0"
            },
            "funding": [
                {
                    "url": "https://symfony.com/sponsor",
                    "type": "custom"
                },
                {
                    "url": "https://github.com/fabpot",
                    "type": "github"
                },
                {
                    "url": "https://tidelift.com/funding/github/packagist/symfony/symfony",
                    "type": "tidelift"
                }
            ],
            "time": "2023-07-28T09:04:16+00:00"
        }
    ],
    "packages-dev": [],
    "aliases": [],
    "minimum-stability": "stable",
    "stability-flags": [],
    "prefer-stable": false,
    "prefer-lowest": false,
    "platform": [],
    "platform-dev": [],
    "plugin-api-version": "2.3.0"
}
